// !$*UTF8*$!
{
	archiveVersion = 1;
	classes = {
	};
	objectVersion = 46;
	objects = {

/* Begin PBXBuildFile section */
		EE45F0731D77C1D500CE4F9A /* ViewController.m in Sources */ = {isa = PBXBuildFile; fileRef = EE45F0721D77C1D500CE4F9A /* ViewController.m */; };
		EE45F0761D77C47A00CE4F9A /* VPImageCropperViewController.m in Sources */ = {isa = PBXBuildFile; fileRef = EE45F0751D77C47A00CE4F9A /* VPImageCropperViewController.m */; };
		EE49FDBA1D7EA50B00026373 /* EDCollectionCell.m in Sources */ = {isa = PBXBuildFile; fileRef = EE49FDB81D7EA50B00026373 /* EDCollectionCell.m */; };
		EE49FDBB1D7EA50B00026373 /* EDCollectionCell.xib in Resources */ = {isa = PBXBuildFile; fileRef = EE49FDB91D7EA50B00026373 /* EDCollectionCell.xib */; };
		EE9D439D1D8698DC0009D4EA /* GCDViewController.m in Sources */ = {isa = PBXBuildFile; fileRef = EE9D439C1D8698DC0009D4EA /* GCDViewController.m */; };
		EEF77D681D73DA1100EA1D7D /* ChatRoomTests.m in Sources */ = {isa = PBXBuildFile; fileRef = EEF77D671D73DA1100EA1D7D /* ChatRoomTests.m */; };
		EEF77D731D73DA1200EA1D7D /* ChatRoomUITests.m in Sources */ = {isa = PBXBuildFile; fileRef = EEF77D721D73DA1200EA1D7D /* ChatRoomUITests.m */; };
		EEF77DB41D73E82200EA1D7D /* Assets.xcassets in Resources */ = {isa = PBXBuildFile; fileRef = EEF77DA61D73E82200EA1D7D /* Assets.xcassets */; };
		EEF77DB51D73E82200EA1D7D /* AppDelegate.m in Sources */ = {isa = PBXBuildFile; fileRef = EEF77DAD1D73E82200EA1D7D /* AppDelegate.m */; };
		EEF77DB61D73E82200EA1D7D /* LaunchScreen.storyboard in Resources */ = {isa = PBXBuildFile; fileRef = EEF77DAE1D73E82200EA1D7D /* LaunchScreen.storyboard */; };
		EEF77DB71D73E82200EA1D7D /* Main.storyboard in Resources */ = {isa = PBXBuildFile; fileRef = EEF77DB01D73E82200EA1D7D /* Main.storyboard */; };
		EEF77DB81D73E82200EA1D7D /* Info.plist in Resources */ = {isa = PBXBuildFile; fileRef = EEF77DB21D73E82200EA1D7D /* Info.plist */; };
		EEF77DB91D73E82200EA1D7D /* main.m in Sources */ = {isa = PBXBuildFile; fileRef = EEF77DB31D73E82200EA1D7D /* main.m */; };
/* End PBXBuildFile section */

/* Begin PBXContainerItemProxy section */
		EEF77D641D73DA1100EA1D7D /* PBXContainerItemProxy */ = {
			isa = PBXContainerItemProxy;
			containerPortal = EEF77D421D73DA1100EA1D7D /* Project object */;
			proxyType = 1;
			remoteGlobalIDString = EEF77D491D73DA1100EA1D7D;
			remoteInfo = ChatRoom;
		};
		EEF77D6F1D73DA1100EA1D7D /* PBXContainerItemProxy */ = {
			isa = PBXContainerItemProxy;
			containerPortal = EEF77D421D73DA1100EA1D7D /* Project object */;
			proxyType = 1;
			remoteGlobalIDString = EEF77D491D73DA1100EA1D7D;
			remoteInfo = ChatRoom;
		};
/* End PBXContainerItemProxy section */

/* Begin PBXFileReference section */
		EE45F0711D77C1D500CE4F9A /* ViewController.h */ = {isa = PBXFileReference; fileEncoding = 4; lastKnownFileType = sourcecode.c.h; path = ViewController.h; sourceTree = "<group>"; };
		EE45F0721D77C1D500CE4F9A /* ViewController.m */ = {isa = PBXFileReference; fileEncoding = 4; lastKnownFileType = sourcecode.c.objc; path = ViewController.m; sourceTree = "<group>"; };
		EE45F0741D77C47A00CE4F9A /* VPImageCropperViewController.h */ = {isa = PBXFileReference; fileEncoding = 4; lastKnownFileType = sourcecode.c.h; path = VPImageCropperViewController.h; sourceTree = "<group>"; };
		EE45F0751D77C47A00CE4F9A /* VPImageCropperViewController.m */ = {isa = PBXFileReference; fileEncoding = 4; lastKnownFileType = sourcecode.c.objc; path = VPImageCropperViewController.m; sourceTree = "<group>"; };
		EE49FDB71D7EA50B00026373 /* EDCollectionCell.h */ = {isa = PBXFileReference; fileEncoding = 4; lastKnownFileType = sourcecode.c.h; path = EDCollectionCell.h; sourceTree = "<group>"; };
		EE49FDB81D7EA50B00026373 /* EDCollectionCell.m */ = {isa = PBXFileReference; fileEncoding = 4; lastKnownFileType = sourcecode.c.objc; path = EDCollectionCell.m; sourceTree = "<group>"; };
		EE49FDB91D7EA50B00026373 /* EDCollectionCell.xib */ = {isa = PBXFileReference; fileEncoding = 4; lastKnownFileType = file.xib; path = EDCollectionCell.xib; sourceTree = "<group>"; };
		EE9D439B1D8698DC0009D4EA /* GCDViewController.h */ = {isa = PBXFileReference; fileEncoding = 4; lastKnownFileType = sourcecode.c.h; path = GCDViewController.h; sourceTree = "<group>"; };
		EE9D439C1D8698DC0009D4EA /* GCDViewController.m */ = {isa = PBXFileReference; fileEncoding = 4; lastKnownFileType = sourcecode.c.objc; path = GCDViewController.m; sourceTree = "<group>"; };
		EEF77D4A1D73DA1100EA1D7D /* ChatRoom.app */ = {isa = PBXFileReference; explicitFileType = wrapper.application; includeInIndex = 0; path = ChatRoom.app; sourceTree = BUILT_PRODUCTS_DIR; };
		EEF77D631D73DA1100EA1D7D /* ChatRoomTests.xctest */ = {isa = PBXFileReference; explicitFileType = wrapper.cfbundle; includeInIndex = 0; path = ChatRoomTests.xctest; sourceTree = BUILT_PRODUCTS_DIR; };
		EEF77D671D73DA1100EA1D7D /* ChatRoomTests.m */ = {isa = PBXFileReference; lastKnownFileType = sourcecode.c.objc; path = ChatRoomTests.m; sourceTree = "<group>"; };
		EEF77D691D73DA1100EA1D7D /* Info.plist */ = {isa = PBXFileReference; lastKnownFileType = text.plist.xml; path = Info.plist; sourceTree = "<group>"; };
		EEF77D6E1D73DA1100EA1D7D /* ChatRoomUITests.xctest */ = {isa = PBXFileReference; explicitFileType = wrapper.cfbundle; includeInIndex = 0; path = ChatRoomUITests.xctest; sourceTree = BUILT_PRODUCTS_DIR; };
		EEF77D721D73DA1200EA1D7D /* ChatRoomUITests.m */ = {isa = PBXFileReference; lastKnownFileType = sourcecode.c.objc; path = ChatRoomUITests.m; sourceTree = "<group>"; };
		EEF77D741D73DA1200EA1D7D /* Info.plist */ = {isa = PBXFileReference; lastKnownFileType = text.plist.xml; path = Info.plist; sourceTree = "<group>"; };
		EEF77DA61D73E82200EA1D7D /* Assets.xcassets */ = {isa = PBXFileReference; lastKnownFileType = folder.assetcatalog; path = Assets.xcassets; sourceTree = "<group>"; };
		EEF77DAC1D73E82200EA1D7D /* AppDelegate.h */ = {isa = PBXFileReference; fileEncoding = 4; lastKnownFileType = sourcecode.c.h; path = AppDelegate.h; sourceTree = "<group>"; };
		EEF77DAD1D73E82200EA1D7D /* AppDelegate.m */ = {isa = PBXFileReference; fileEncoding = 4; lastKnownFileType = sourcecode.c.objc; path = AppDelegate.m; sourceTree = "<group>"; };
		EEF77DAF1D73E82200EA1D7D /* Base */ = {isa = PBXFileReference; lastKnownFileType = file.storyboard; name = Base; path = Base.lproj/LaunchScreen.storyboard; sourceTree = "<group>"; };
		EEF77DB11D73E82200EA1D7D /* Base */ = {isa = PBXFileReference; lastKnownFileType = file.storyboard; name = Base; path = Base.lproj/Main.storyboard; sourceTree = "<group>"; };
		EEF77DB21D73E82200EA1D7D /* Info.plist */ = {isa = PBXFileReference; fileEncoding = 4; lastKnownFileType = text.plist.xml; path = Info.plist; sourceTree = "<group>"; };
		EEF77DB31D73E82200EA1D7D /* main.m */ = {isa = PBXFileReference; fileEncoding = 4; lastKnownFileType = sourcecode.c.objc; path = main.m; sourceTree = "<group>"; };
/* End PBXFileReference section */

/* Begin PBXFrameworksBuildPhase section */
		EEF77D471D73DA1100EA1D7D /* Frameworks */ = {
			isa = PBXFrameworksBuildPhase;
			buildActionMask = 2147483647;
			files = (
			);
			runOnlyForDeploymentPostprocessing = 0;
		};
		EEF77D601D73DA1100EA1D7D /* Frameworks */ = {
			isa = PBXFrameworksBuildPhase;
			buildActionMask = 2147483647;
			files = (
			);
			runOnlyForDeploymentPostprocessing = 0;
		};
		EEF77D6B1D73DA1100EA1D7D /* Frameworks */ = {
			isa = PBXFrameworksBuildPhase;
			buildActionMask = 2147483647;
			files = (
			);
			runOnlyForDeploymentPostprocessing = 0;
		};
/* End PBXFrameworksBuildPhase section */

/* Begin PBXGroup section */
		EEF77D411D73DA1100EA1D7D = {
			isa = PBXGroup;
			children = (
				EEF77D4C1D73DA1100EA1D7D /* ChatRoom */,
				EEF77D661D73DA1100EA1D7D /* ChatRoomTests */,
				EEF77D711D73DA1100EA1D7D /* ChatRoomUITests */,
				EEF77D4B1D73DA1100EA1D7D /* Products */,
			);
			sourceTree = "<group>";
		};
		EEF77D4B1D73DA1100EA1D7D /* Products */ = {
			isa = PBXGroup;
			children = (
				EEF77D4A1D73DA1100EA1D7D /* ChatRoom.app */,
				EEF77D631D73DA1100EA1D7D /* ChatRoomTests.xctest */,
				EEF77D6E1D73DA1100EA1D7D /* ChatRoomUITests.xctest */,
			);
			name = Products;
			sourceTree = "<group>";
		};
		EEF77D4C1D73DA1100EA1D7D /* ChatRoom */ = {
			isa = PBXGroup;
			children = (
				EEF77D971D73E82200EA1D7D /* Category */,
				EEF77D981D73E82200EA1D7D /* Contacts */,
				EEF77D9C1D73E82200EA1D7D /* Lib */,
				EEF77D9D1D73E82200EA1D7D /* Main */,
				EEF77DA11D73E82200EA1D7D /* Messages */,
				EEF77DA51D73E82200EA1D7D /* Resources */,
				EEF77DA71D73E82200EA1D7D /* Setting */,
				EEF77DAB1D73E82200EA1D7D /* SupportFile */,
			);
			path = ChatRoom;
			sourceTree = "<group>";
		};
		EEF77D661D73DA1100EA1D7D /* ChatRoomTests */ = {
			isa = PBXGroup;
			children = (
				EEF77D671D73DA1100EA1D7D /* ChatRoomTests.m */,
				EEF77D691D73DA1100EA1D7D /* Info.plist */,
			);
			path = ChatRoomTests;
			sourceTree = "<group>";
		};
		EEF77D711D73DA1100EA1D7D /* ChatRoomUITests */ = {
			isa = PBXGroup;
			children = (
				EEF77D721D73DA1200EA1D7D /* ChatRoomUITests.m */,
				EEF77D741D73DA1200EA1D7D /* Info.plist */,
			);
			path = ChatRoomUITests;
			sourceTree = "<group>";
		};
		EEF77D971D73E82200EA1D7D /* Category */ = {
			isa = PBXGroup;
			children = (
			);
			path = Category;
			sourceTree = "<group>";
		};
		EEF77D981D73E82200EA1D7D /* Contacts */ = {
			isa = PBXGroup;
			children = (
				EEF77D991D73E82200EA1D7D /* Controller */,
				EEF77D9A1D73E82200EA1D7D /* Model */,
				EEF77D9B1D73E82200EA1D7D /* View */,
			);
			path = Contacts;
			sourceTree = "<group>";
		};
		EEF77D991D73E82200EA1D7D /* Controller */ = {
			isa = PBXGroup;
			children = (
			);
			path = Controller;
			sourceTree = "<group>";
		};
		EEF77D9A1D73E82200EA1D7D /* Model */ = {
			isa = PBXGroup;
			children = (
			);
			path = Model;
			sourceTree = "<group>";
		};
		EEF77D9B1D73E82200EA1D7D /* View */ = {
			isa = PBXGroup;
			children = (
			);
			path = View;
			sourceTree = "<group>";
		};
		EEF77D9C1D73E82200EA1D7D /* Lib */ = {
			isa = PBXGroup;
			children = (
			);
			path = Lib;
			sourceTree = "<group>";
		};
		EEF77D9D1D73E82200EA1D7D /* Main */ = {
			isa = PBXGroup;
			children = (
				EEF77D9E1D73E82200EA1D7D /* Controller */,
				EEF77D9F1D73E82200EA1D7D /* Model */,
				EEF77DA01D73E82200EA1D7D /* View */,
			);
			path = Main;
			sourceTree = "<group>";
		};
		EEF77D9E1D73E82200EA1D7D /* Controller */ = {
			isa = PBXGroup;
			children = (
				EE45F0711D77C1D500CE4F9A /* ViewController.h */,
				EE45F0721D77C1D500CE4F9A /* ViewController.m */,
				EE9D439B1D8698DC0009D4EA /* GCDViewController.h */,
				EE9D439C1D8698DC0009D4EA /* GCDViewController.m */,
				EE45F0741D77C47A00CE4F9A /* VPImageCropperViewController.h */,
				EE45F0751D77C47A00CE4F9A /* VPImageCropperViewController.m */,
			);
			path = Controller;
			sourceTree = "<group>";
		};
		EEF77D9F1D73E82200EA1D7D /* Model */ = {
			isa = PBXGroup;
			children = (
			);
			path = Model;
			sourceTree = "<group>";
		};
		EEF77DA01D73E82200EA1D7D /* View */ = {
			isa = PBXGroup;
			children = (
				EE49FDB71D7EA50B00026373 /* EDCollectionCell.h */,
				EE49FDB81D7EA50B00026373 /* EDCollectionCell.m */,
				EE49FDB91D7EA50B00026373 /* EDCollectionCell.xib */,
			);
			path = View;
			sourceTree = "<group>";
		};
		EEF77DA11D73E82200EA1D7D /* Messages */ = {
			isa = PBXGroup;
			children = (
				EEF77DA21D73E82200EA1D7D /* Controller */,
				EEF77DA31D73E82200EA1D7D /* Model */,
				EEF77DA41D73E82200EA1D7D /* View */,
			);
			path = Messages;
			sourceTree = "<group>";
		};
		EEF77DA21D73E82200EA1D7D /* Controller */ = {
			isa = PBXGroup;
			children = (
			);
			path = Controller;
			sourceTree = "<group>";
		};
		EEF77DA31D73E82200EA1D7D /* Model */ = {
			isa = PBXGroup;
			children = (
			);
			path = Model;
			sourceTree = "<group>";
		};
		EEF77DA41D73E82200EA1D7D /* View */ = {
			isa = PBXGroup;
			children = (
			);
			path = View;
			sourceTree = "<group>";
		};
		EEF77DA51D73E82200EA1D7D /* Resources */ = {
			isa = PBXGroup;
			children = (
				EEF77DA61D73E82200EA1D7D /* Assets.xcassets */,
			);
			path = Resources;
			sourceTree = "<group>";
		};
		EEF77DA71D73E82200EA1D7D /* Setting */ = {
			isa = PBXGroup;
			children = (
				EEF77DA81D73E82200EA1D7D /* Controller */,
				EEF77DA91D73E82200EA1D7D /* Model */,
				EEF77DAA1D73E82200EA1D7D /* View */,
			);
			path = Setting;
			sourceTree = "<group>";
		};
		EEF77DA81D73E82200EA1D7D /* Controller */ = {
			isa = PBXGroup;
			children = (
			);
			path = Controller;
			sourceTree = "<group>";
		};
		EEF77DA91D73E82200EA1D7D /* Model */ = {
			isa = PBXGroup;
			children = (
			);
			path = Model;
			sourceTree = "<group>";
		};
		EEF77DAA1D73E82200EA1D7D /* View */ = {
			isa = PBXGroup;
			children = (
			);
			path = View;
			sourceTree = "<group>";
		};
		EEF77DAB1D73E82200EA1D7D /* SupportFile */ = {
			isa = PBXGroup;
			children = (
				EEF77DAC1D73E82200EA1D7D /* AppDelegate.h */,
				EEF77DAD1D73E82200EA1D7D /* AppDelegate.m */,
				EEF77DAE1D73E82200EA1D7D /* LaunchScreen.storyboard */,
				EEF77DB01D73E82200EA1D7D /* Main.storyboard */,
				EEF77DB21D73E82200EA1D7D /* Info.plist */,
				EEF77DB31D73E82200EA1D7D /* main.m */,
			);
			path = SupportFile;
			sourceTree = "<group>";
		};
/* End PBXGroup section */

/* Begin PBXNativeTarget section */
		EEF77D491D73DA1100EA1D7D /* ChatRoom */ = {
			isa = PBXNativeTarget;
			buildConfigurationList = EEF77D771D73DA1200EA1D7D /* Build configuration list for PBXNativeTarget "ChatRoom" */;
			buildPhases = (
				EEF77D461D73DA1100EA1D7D /* Sources */,
				EEF77D471D73DA1100EA1D7D /* Frameworks */,
				EEF77D481D73DA1100EA1D7D /* Resources */,
			);
			buildRules = (
			);
			dependencies = (
			);
			name = ChatRoom;
			productName = ChatRoom;
			productReference = EEF77D4A1D73DA1100EA1D7D /* ChatRoom.app */;
			productType = "com.apple.product-type.application";
		};
		EEF77D621D73DA1100EA1D7D /* ChatRoomTests */ = {
			isa = PBXNativeTarget;
			buildConfigurationList = EEF77D7A1D73DA1200EA1D7D /* Build configuration list for PBXNativeTarget "ChatRoomTests" */;
			buildPhases = (
				EEF77D5F1D73DA1100EA1D7D /* Sources */,
				EEF77D601D73DA1100EA1D7D /* Frameworks */,
				EEF77D611D73DA1100EA1D7D /* Resources */,
			);
			buildRules = (
			);
			dependencies = (
				EEF77D651D73DA1100EA1D7D /* PBXTargetDependency */,
			);
			name = ChatRoomTests;
			productName = ChatRoomTests;
			productReference = EEF77D631D73DA1100EA1D7D /* ChatRoomTests.xctest */;
			productType = "com.apple.product-type.bundle.unit-test";
		};
		EEF77D6D1D73DA1100EA1D7D /* ChatRoomUITests */ = {
			isa = PBXNativeTarget;
			buildConfigurationList = EEF77D7D1D73DA1200EA1D7D /* Build configuration list for PBXNativeTarget "ChatRoomUITests" */;
			buildPhases = (
				EEF77D6A1D73DA1100EA1D7D /* Sources */,
				EEF77D6B1D73DA1100EA1D7D /* Frameworks */,
				EEF77D6C1D73DA1100EA1D7D /* Resources */,
			);
			buildRules = (
			);
			dependencies = (
				EEF77D701D73DA1100EA1D7D /* PBXTargetDependency */,
			);
			name = ChatRoomUITests;
			productName = ChatRoomUITests;
			productReference = EEF77D6E1D73DA1100EA1D7D /* ChatRoomUITests.xctest */;
			productType = "com.apple.product-type.bundle.ui-testing";
		};
/* End PBXNativeTarget section */

/* Begin PBXProject section */
		EEF77D421D73DA1100EA1D7D /* Project object */ = {
			isa = PBXProject;
			attributes = {
				LastUpgradeCheck = 0730;
				ORGANIZATIONNAME = Edward;
				TargetAttributes = {
					EEF77D491D73DA1100EA1D7D = {
						CreatedOnToolsVersion = 7.3.1;
					};
					EEF77D621D73DA1100EA1D7D = {
						CreatedOnToolsVersion = 7.3.1;
						TestTargetID = EEF77D491D73DA1100EA1D7D;
					};
					EEF77D6D1D73DA1100EA1D7D = {
						CreatedOnToolsVersion = 7.3.1;
						TestTargetID = EEF77D491D73DA1100EA1D7D;
					};
				};
			};
			buildConfigurationList = EEF77D451D73DA1100EA1D7D /* Build configuration list for PBXProject "ChatRoom" */;
			compatibilityVersion = "Xcode 3.2";
			developmentRegion = English;
			hasScannedForEncodings = 0;
			knownRegions = (
				en,
				Base,
			);
			mainGroup = EEF77D411D73DA1100EA1D7D;
			productRefGroup = EEF77D4B1D73DA1100EA1D7D /* Products */;
			projectDirPath = "";
			projectRoot = "";
			targets = (
				EEF77D491D73DA1100EA1D7D /* ChatRoom */,
				EEF77D621D73DA1100EA1D7D /* ChatRoomTests */,
				EEF77D6D1D73DA1100EA1D7D /* ChatRoomUITests */,
			);
		};
/* End PBXProject section */

/* Begin PBXResourcesBuildPhase section */
		EEF77D481D73DA1100EA1D7D /* Resources */ = {
			isa = PBXResourcesBuildPhase;
			buildActionMask = 2147483647;
			files = (
				EEF77DB81D73E82200EA1D7D /* Info.plist in Resources */,
				EEF77DB71D73E82200EA1D7D /* Main.storyboard in Resources */,
				EEF77DB41D73E82200EA1D7D /* Assets.xcassets in Resources */,
				EEF77DB61D73E82200EA1D7D /* LaunchScreen.storyboard in Resources */,
				EE49FDBB1D7EA50B00026373 /* EDCollectionCell.xib in Resources */,
			);
			runOnlyForDeploymentPostprocessing = 0;
		};
		EEF77D611D73DA1100EA1D7D /* Resources */ = {
			isa = PBXResourcesBuildPhase;
			buildActionMask = 2147483647;
			files = (
			);
			runOnlyForDeploymentPostprocessing = 0;
		};
		EEF77D6C1D73DA1100EA1D7D /* Resources */ = {
			isa = PBXResourcesBuildPhase;
			buildActionMask = 2147483647;
			files = (
			);
			runOnlyForDeploymentPostprocessing = 0;
		};
/* End PBXResourcesBuildPhase section */

/* Begin PBXSourcesBuildPhase section */
		EEF77D461D73DA1100EA1D7D /* Sources */ = {
			isa = PBXSourcesBuildPhase;
			buildActionMask = 2147483647;
			files = (
				EE45F0761D77C47A00CE4F9A /* VPImageCropperViewController.m in Sources */,
				EE9D439D1D8698DC0009D4EA /* GCDViewController.m in Sources */,
				EE45F0731D77C1D500CE4F9A /* ViewController.m in Sources */,
				EEF77DB91D73E82200EA1D7D /* main.m in Sources */,
				EE49FDBA1D7EA50B00026373 /* EDCollectionCell.m in Sources */,
				EEF77DB51D73E82200EA1D7D /* AppDelegate.m in Sources */,
			);
			runOnlyForDeploymentPostprocessing = 0;
		};
		EEF77D5F1D73DA1100EA1D7D /* Sources */ = {
			isa = PBXSourcesBuildPhase;
			buildActionMask = 2147483647;
			files = (
				EEF77D681D73DA1100EA1D7D /* ChatRoomTests.m in Sources */,
			);
			runOnlyForDeploymentPostprocessing = 0;
		};
		EEF77D6A1D73DA1100EA1D7D /* Sources */ = {
			isa = PBXSourcesBuildPhase;
			buildActionMask = 2147483647;
			files = (
				EEF77D731D73DA1200EA1D7D /* ChatRoomUITests.m in Sources */,
			);
			runOnlyForDeploymentPostprocessing = 0;
		};
/* End PBXSourcesBuildPhase section */

/* Begin PBXTargetDependency section */
		EEF77D651D73DA1100EA1D7D /* PBXTargetDependency */ = {
			isa = PBXTargetDependency;
			target = EEF77D491D73DA1100EA1D7D /* ChatRoom */;
			targetProxy = EEF77D641D73DA1100EA1D7D /* PBXContainerItemProxy */;
		};
		EEF77D701D73DA1100EA1D7D /* PBXTargetDependency */ = {
			isa = PBXTargetDependency;
			target = EEF77D491D73DA1100EA1D7D /* ChatRoom */;
			targetProxy = EEF77D6F1D73DA1100EA1D7D /* PBXContainerItemProxy */;
		};
/* End PBXTargetDependency section */

/* Begin PBXVariantGroup section */
		EEF77DAE1D73E82200EA1D7D /* LaunchScreen.storyboard */ = {
			isa = PBXVariantGroup;
			children = (
				EEF77DAF1D73E82200EA1D7D /* Base */,
			);
			name = LaunchScreen.storyboard;
			sourceTree = "<group>";
		};
		EEF77DB01D73E82200EA1D7D /* Main.storyboard */ = {
			isa = PBXVariantGroup;
			children = (
				EEF77DB11D73E82200EA1D7D /* Base */,
			);
			name = Main.storyboard;
			sourceTree = "<group>";
		};
/* End PBXVariantGroup section */

/* Begin XCBuildConfiguration section */
		EEF77D751D73DA1200EA1D7D /* Debug */ = {
			isa = XCBuildConfiguration;
			buildSettings = {
				ALWAYS_SEARCH_USER_PATHS = NO;
				CLANG_ANALYZER_NONNULL = YES;
				CLANG_CXX_LANGUAGE_STANDARD = "gnu++0x";
				CLANG_CXX_LIBRARY = "libc++";
				CLANG_ENABLE_MODULES = YES;
				CLANG_ENABLE_OBJC_ARC = YES;
				CLANG_WARN_BOOL_CONVERSION = YES;
				CLANG_WARN_CONSTANT_CONVERSION = YES;
				CLANG_WARN_DIRECT_OBJC_ISA_USAGE = YES_ERROR;
				CLANG_WARN_EMPTY_BODY = YES;
				CLANG_WARN_ENUM_CONVERSION = YES;
				CLANG_WARN_INT_CONVERSION = YES;
				CLANG_WARN_OBJC_ROOT_CLASS = YES_ERROR;
				CLANG_WARN_UNREACHABLE_CODE = YES;
				CLANG_WARN__DUPLICATE_METHOD_MATCH = YES;
				"CODE_SIGN_IDENTITY[sdk=iphoneos*]" = "iPhone Developer";
				COPY_PHASE_STRIP = NO;
				DEBUG_INFORMATION_FORMAT = dwarf;
				ENABLE_STRICT_OBJC_MSGSEND = YES;
				ENABLE_TESTABILITY = YES;
				GCC_C_LANGUAGE_STANDARD = gnu99;
				GCC_DYNAMIC_NO_PIC = NO;
				GCC_NO_COMMON_BLOCKS = YES;
				GCC_OPTIMIZATION_LEVEL = 0;
				GCC_PREPROCESSOR_DEFINITIONS = (
					"DEBUG=1",
					"$(inherited)",
				);
				GCC_WARN_64_TO_32_BIT_CONVERSION = YES;
				GCC_WARN_ABOUT_RETURN_TYPE = YES_ERROR;
				GCC_WARN_UNDECLARED_SELECTOR = YES;
				GCC_WARN_UNINITIALIZED_AUTOS = YES_AGGRESSIVE;
				GCC_WARN_UNUSED_FUNCTION = YES;
				GCC_WARN_UNUSED_VARIABLE = YES;
				IPHONEOS_DEPLOYMENT_TARGET = 7.1;
				MTL_ENABLE_DEBUG_INFO = YES;
				ONLY_ACTIVE_ARCH = YES;
				SDKROOT = iphoneos;
			};
			name = Debug;
		};
		EEF77D761D73DA1200EA1D7D /* Release */ = {
			isa = XCBuildConfiguration;
			buildSettings = {
				ALWAYS_SEARCH_USER_PATHS = NO;
				CLANG_ANALYZER_NONNULL = YES;
				CLANG_CXX_LANGUAGE_STANDARD = "gnu++0x";
				CLANG_CXX_LIBRARY = "libc++";
				CLANG_ENABLE_MODULES = YES;
				CLANG_ENABLE_OBJC_ARC = YES;
				CLANG_WARN_BOOL_CONVERSION = YES;
				CLANG_WARN_CONSTANT_CONVERSION = YES;
				CLANG_WARN_DIRECT_OBJC_ISA_USAGE = YES_ERROR;
				CLANG_WARN_EMPTY_BODY = YES;
				CLANG_WARN_ENUM_CONVERSION = YES;
				CLANG_WARN_INT_CONVERSION = YES;
				CLANG_WARN_OBJC_ROOT_CLASS = YES_ERROR;
				CLANG_WARN_UNREACHABLE_CODE = YES;
				CLANG_WARN__DUPLICATE_METHOD_MATCH = YES;
				"CODE_SIGN_IDENTITY[sdk=iphoneos*]" = "iPhone Developer";
				COPY_PHASE_STRIP = NO;
				DEBUG_INFORMATION_FORMAT = "dwarf-with-dsym";
				ENABLE_NS_ASSERTIONS = NO;
				ENABLE_STRICT_OBJC_MSGSEND = YES;
				GCC_C_LANGUAGE_STANDARD = gnu99;
				GCC_NO_COMMON_BLOCKS = YES;
				GCC_WARN_64_TO_32_BIT_CONVERSION = YES;
				GCC_WARN_ABOUT_RETURN_TYPE = YES_ERROR;
				GCC_WARN_UNDECLARED_SELECTOR = YES;
				GCC_WARN_UNINITIALIZED_AUTOS = YES_AGGRESSIVE;
				GCC_WARN_UNUSED_FUNCTION = YES;
				GCC_WARN_UNUSED_VARIABLE = YES;
				IPHONEOS_DEPLOYMENT_TARGET = 7.1;
				MTL_ENABLE_DEBUG_INFO = NO;
				SDKROOT = iphoneos;
				VALIDATE_PRODUCT = YES;
			};
			name = Release;
		};
		EEF77D781D73DA1200EA1D7D /* Debug */ = {
			isa = XCBuildConfiguration;
			buildSettings = {
				ASSETCATALOG_COMPILER_APPICON_NAME = AppIcon;
				INFOPLIST_FILE = "$(SRCROOT)/ChatRoom/SupportFile/Info.plist";
				LD_RUNPATH_SEARCH_PATHS = "$(inherited) @executable_path/Frameworks";
				PRODUCT_BUNDLE_IDENTIFIER = Edward.ChatRoom;
				PRODUCT_NAME = "$(TARGET_NAME)";
			};
			name = Debug;
		};
		EEF77D791D73DA1200EA1D7D /* Release */ = {
			isa = XCBuildConfiguration;
			buildSettings = {
				ASSETCATALOG_COMPILER_APPICON_NAME = AppIcon;
				INFOPLIST_FILE = "$(SRCROOT)/ChatRoom/SupportFile/Info.plist";
				LD_RUNPATH_SEARCH_PATHS = "$(inherited) @executable_path/Frameworks";
				PRODUCT_BUNDLE_IDENTIFIER = Edward.ChatRoom;
				PRODUCT_NAME = "$(TARGET_NAME)";
			};
			name = Release;
		};
		EEF77D7B1D73DA1200EA1D7D /* Debug */ = {
			isa = XCBuildConfiguration;
			buildSettings = {
				BUNDLE_LOADER = "$(TEST_HOST)";
				INFOPLIST_FILE = ChatRoomTests/Info.plist;
				LD_RUNPATH_SEARCH_PATHS = "$(inherited) @executable_path/Frameworks @loader_path/Frameworks";
				PRODUCT_BUNDLE_IDENTIFIER = Edward.ChatRoomTests;
				PRODUCT_NAME = "$(TARGET_NAME)";
				TEST_HOST = "$(BUILT_PRODUCTS_DIR)/ChatRoom.app/ChatRoom";
			};
			name = Debug;
		};
		EEF77D7C1D73DA1200EA1D7D /* Release */ = {
			isa = XCBuildConfiguration;
			buildSettings = {
				BUNDLE_LOADER = "$(TEST_HOST)";
				INFOPLIST_FILE = ChatRoomTests/Info.plist;
				LD_RUNPATH_SEARCH_PATHS = "$(inherited) @executable_path/Frameworks @loader_path/Frameworks";
				PRODUCT_BUNDLE_IDENTIFIER = Edward.ChatRoomTests;
				PRODUCT_NAME = "$(TARGET_NAME)";
				TEST_HOST = "$(BUILT_PRODUCTS_DIR)/ChatRoom.app/ChatRoom";
			};
			name = Release;
		};
		EEF77D7E1D73DA1200EA1D7D /* Debug */ = {
			isa = XCBuildConfiguration;
			buildSettings = {
				INFOPLIST_FILE = ChatRoomUITests/Info.plist;
				LD_RUNPATH_SEARCH_PATHS = "$(inherited) @executable_path/Frameworks @loader_path/Frameworks";
				PRODUCT_BUNDLE_IDENTIFIER = Edward.ChatRoomUITests;
				PRODUCT_NAME = "$(TARGET_NAME)";
				TEST_TARGET_NAME = ChatRoom;
			};
			name = Debug;
		};
		EEF77D7F1D73DA1200EA1D7D /* Release */ = {
			isa = XCBuildConfiguration;
			buildSettings = {
				INFOPLIST_FILE = ChatRoomUITests/Info.plist;
				LD_RUNPATH_SEARCH_PATHS = "$(inherited) @executable_path/Frameworks @loader_path/Frameworks";
				PRODUCT_BUNDLE_IDENTIFIER = Edward.ChatRoomUITests;
				PRODUCT_NAME = "$(TARGET_NAME)";
				TEST_TARGET_NAME = ChatRoom;
			};
			name = Release;
		};
/* End XCBuildConfiguration section */

/* Begin XCConfigurationList section */
		EEF77D451D73DA1100EA1D7D /* Build configuration list for PBXProject "ChatRoom" */ = {
			isa = XCConfigurationList;
			buildConfigurations = (
				EEF77D751D73DA1200EA1D7D /* Debug */,
				EEF77D761D73DA1200EA1D7D /* Release */,
			);
			defaultConfigurationIsVisible = 0;
			defaultConfigurationName = Release;
		};
		EEF77D771D73DA1200EA1D7D /* Build configuration list for PBXNativeTarget "ChatRoom" */ = {
			isa = XCConfigurationList;
			buildConfigurations = (
				EEF77D781D73DA1200EA1D7D /* Debug */,
				EEF77D791D73DA1200EA1D7D /* Release */,
			);
			defaultConfigurationIsVisible = 0;
			defaultConfigurationName = Release;
		};
		EEF77D7A1D73DA1200EA1D7D /* Build configuration list for PBXNativeTarget "ChatRoomTests" */ = {
			isa = XCConfigurationList;
			buildConfigurations = (
				EEF77D7B1D73DA1200EA1D7D /* Debug */,
				EEF77D7C1D73DA1200EA1D7D /* Release */,
			);
			defaultConfigurationIsVisible = 0;
			defaultConfigurationName = Release;
		};
		EEF77D7D1D73DA1200EA1D7D /* Build configuration list for PBXNativeTarget "ChatRoomUITests" */ = {
			isa = XCConfigurationList;
			buildConfigurations = (
				EEF77D7E1D73DA1200EA1D7D /* Debug */,
				EEF77D7F1D73DA1200EA1D7D /* Release */,
			);
			defaultConfigurationIsVisible = 0;
			defaultConfigurationName = Release;
		};
/* End XCConfigurationList section */
	};
	rootObject = EEF77D421D73DA1100EA1D7D /* Project object */;
}
